
Microsoft Visual Studio Solution File, Format Version 12.00
# Visual Studio Version 17
VisualStudioVersion = 17.10.35027.167
MinimumVisualStudioVersion = 10.0.40219.1
Project("{FAE04EC0-301F-11D3-BF4B-00C04F79EFBC}") = "Exportacao", "Exportacao\Exportacao.csproj", "{42F86944-2146-4431-AD21-E936A974B754}"
EndProject
Global
	GlobalSection(SolutionConfigurationPlatforms) = preSolution
		Debug|Any CPU = Debug|Any CPU
		Release|Any CPU = Release|Any CPU
	EndGlobalSection
	GlobalSection(ProjectConfigurationPlatforms) = postSolution
		{42F86944-2146-4431-AD21-E936A974B754}.Debug|Any CPU.ActiveCfg = Debug|Any CPU
		{42F86944-2146-4431-AD21-E936A974B754}.Debug|Any CPU.Build.0 = Debug|Any CPU
		{42F86944-2146-4431-AD21-E936A974B754}.Release|Any CPU.ActiveCfg = Release|Any CPU
		{42F86944-2146-4431-AD21-E936A974B754}.Release|Any CPU.Build.0 = Release|Any CPU
	EndGlobalSection
	GlobalSection(SolutionProperties) = preSolution
		HideSolutionNode = FALSE
	EndGlobalSection
	GlobalSection(ExtensibilityGlobals) = postSolution
		SolutionGuid = {A8EBBA8D-756B-4277-BCE0-0F3E4B406CE6}
	EndGlobalSection
EndGlobal
